
Microsoft Visual Studio Solution File, Format Version 12.00
# Visual Studio Version 16
VisualStudioVersion = 16.0.31702.278
MinimumVisualStudioVersion = 10.0.40219.1
Project("{FAE04EC0-301F-11D3-BF4B-00C04F79EFBC}") = "Academy practice", "Academy practice\Academy practice.csproj", "{DD17B9CA-A155-431C-AB77-7FCB2F53B4D4}"
EndProject
Global
	GlobalSection(SolutionConfigurationPlatforms) = preSolution
		Debug|Any CPU = Debug|Any CPU
		Release|Any CPU = Release|Any CPU
	EndGlobalSection
	GlobalSection(ProjectConfigurationPlatforms) = postSolution
		{DD17B9CA-A155-431C-AB77-7FCB2F53B4D4}.Debug|Any CPU.ActiveCfg = Debug|Any CPU
		{DD17B9CA-A155-431C-AB77-7FCB2F53B4D4}.Debug|Any CPU.Build.0 = Debug|Any CPU
		{DD17B9CA-A155-431C-AB77-7FCB2F53B4D4}.Release|Any CPU.ActiveCfg = Release|Any CPU
		{DD17B9CA-A155-431C-AB77-7FCB2F53B4D4}.Release|Any CPU.Build.0 = Release|Any CPU
	EndGlobalSection
	GlobalSection(SolutionProperties) = preSolution
		HideSolutionNode = FALSE
	EndGlobalSection
	GlobalSection(ExtensibilityGlobals) = postSolution
		SolutionGuid = {62CAC6D1-785D-4592-8203-403F875921F8}
	EndGlobalSection
EndGlobal
